
Microsoft Visual Studio Solution File, Format Version 12.00
Project("{FAE04EC0-301F-11D3-BF4B-00C04F79EFBC}") = "Vk.Api", "Vk.Api\Vk.Api.csproj", "{6CD2651E-4F90-4D3B-9D0A-43145DE8B196}"
EndProject
Global
	GlobalSection(SolutionConfigurationPlatforms) = preSolution
		Debug|Any CPU = Debug|Any CPU
		Release|Any CPU = Release|Any CPU
	EndGlobalSection
	GlobalSection(ProjectConfigurationPlatforms) = postSolution
		{6CD2651E-4F90-4D3B-9D0A-43145DE8B196}.Debug|Any CPU.ActiveCfg = Debug|Any CPU
		{6CD2651E-4F90-4D3B-9D0A-43145DE8B196}.Debug|Any CPU.Build.0 = Debug|Any CPU
		{6CD2651E-4F90-4D3B-9D0A-43145DE8B196}.Release|Any CPU.ActiveCfg = Release|Any CPU
		{6CD2651E-4F90-4D3B-9D0A-43145DE8B196}.Release|Any CPU.Build.0 = Release|Any CPU
	EndGlobalSection
EndGlobal
